
Microsoft Visual Studio Solution File, Format Version 12.00
# Visual Studio Version 17
VisualStudioVersion = 17.7.34031.279
MinimumVisualStudioVersion = 10.0.40219.1
Project("{FAE04EC0-301F-11D3-BF4B-00C04F79EFBC}") = "lb1.6", "lb1.6\lb1.6.csproj", "{64E8B11B-C214-4B05-A9FC-0AC8AD46DD1E}"
EndProject
Global
	GlobalSection(SolutionConfigurationPlatforms) = preSolution
		Debug|Any CPU = Debug|Any CPU
		Release|Any CPU = Release|Any CPU
	EndGlobalSection
	GlobalSection(ProjectConfigurationPlatforms) = postSolution
		{64E8B11B-C214-4B05-A9FC-0AC8AD46DD1E}.Debug|Any CPU.ActiveCfg = Debug|Any CPU
		{64E8B11B-C214-4B05-A9FC-0AC8AD46DD1E}.Debug|Any CPU.Build.0 = Debug|Any CPU
		{64E8B11B-C214-4B05-A9FC-0AC8AD46DD1E}.Release|Any CPU.ActiveCfg = Release|Any CPU
		{64E8B11B-C214-4B05-A9FC-0AC8AD46DD1E}.Release|Any CPU.Build.0 = Release|Any CPU
	EndGlobalSection
	GlobalSection(SolutionProperties) = preSolution
		HideSolutionNode = FALSE
	EndGlobalSection
	GlobalSection(ExtensibilityGlobals) = postSolution
		SolutionGuid = {FFAC2136-17A8-4ADF-929F-0533652FC97F}
	EndGlobalSection
EndGlobal
